
Microsoft Visual Studio Solution File, Format Version 11.00
# Visual Studio 2010
Project("{FAE04EC0-301F-11D3-BF4B-00C04F79EFBC}") = "4thGradeProject", "Assembly-CSharp.csproj", "{16D9227B-9862-BD42-F96A-C17910FD376A}"
EndProject
Project("{FAE04EC0-301F-11D3-BF4B-00C04F79EFBC}") = "4thGradeProject", "Assembly-CSharp-Editor.csproj", "{3D87BE06-B01A-71A8-5D92-875C3C7255F8}"
EndProject
Global
	GlobalSection(SolutionConfigurationPlatforms) = preSolution
		Debug|Any CPU = Debug|Any CPU
		Release|Any CPU = Release|Any CPU
	EndGlobalSection
	GlobalSection(ProjectConfigurationPlatforms) = postSolution
		{16D9227B-9862-BD42-F96A-C17910FD376A}.Debug|Any CPU.ActiveCfg = Debug|Any CPU
		{16D9227B-9862-BD42-F96A-C17910FD376A}.Debug|Any CPU.Build.0 = Debug|Any CPU
		{16D9227B-9862-BD42-F96A-C17910FD376A}.Release|Any CPU.ActiveCfg = Release|Any CPU
		{16D9227B-9862-BD42-F96A-C17910FD376A}.Release|Any CPU.Build.0 = Release|Any CPU
		{3D87BE06-B01A-71A8-5D92-875C3C7255F8}.Debug|Any CPU.ActiveCfg = Debug|Any CPU
		{3D87BE06-B01A-71A8-5D92-875C3C7255F8}.Debug|Any CPU.Build.0 = Debug|Any CPU
		{3D87BE06-B01A-71A8-5D92-875C3C7255F8}.Release|Any CPU.ActiveCfg = Release|Any CPU
		{3D87BE06-B01A-71A8-5D92-875C3C7255F8}.Release|Any CPU.Build.0 = Release|Any CPU
	EndGlobalSection
	GlobalSection(SolutionProperties) = preSolution
		HideSolutionNode = FALSE
	EndGlobalSection
	GlobalSection(MonoDevelopProperties) = preSolution
		StartupItem = Assembly-CSharp.csproj
	EndGlobalSection
EndGlobal
